
Microsoft Visual Studio Solution File, Format Version 12.00
# Visual Studio 15
VisualStudioVersion = 15.0.28307.421
MinimumVisualStudioVersion = 10.0.40219.1
Project("{FAE04EC0-301F-11D3-BF4B-00C04F79EFBC}") = "L01_C01_demo_program", "L01_C01_demo_program\L01_C01_demo_program.csproj", "{E368F284-1A7B-4844-9A9E-1B8FEB02AD32}"
EndProject
Global
	GlobalSection(SolutionConfigurationPlatforms) = preSolution
		Debug|Any CPU = Debug|Any CPU
		Release|Any CPU = Release|Any CPU
	EndGlobalSection
	GlobalSection(ProjectConfigurationPlatforms) = postSolution
		{E368F284-1A7B-4844-9A9E-1B8FEB02AD32}.Debug|Any CPU.ActiveCfg = Debug|Any CPU
		{E368F284-1A7B-4844-9A9E-1B8FEB02AD32}.Debug|Any CPU.Build.0 = Debug|Any CPU
		{E368F284-1A7B-4844-9A9E-1B8FEB02AD32}.Release|Any CPU.ActiveCfg = Release|Any CPU
		{E368F284-1A7B-4844-9A9E-1B8FEB02AD32}.Release|Any CPU.Build.0 = Release|Any CPU
	EndGlobalSection
	GlobalSection(SolutionProperties) = preSolution
		HideSolutionNode = FALSE
	EndGlobalSection
	GlobalSection(ExtensibilityGlobals) = postSolution
		SolutionGuid = {A9C8CBF4-FBD9-4404-A173-C64041F09F5F}
	EndGlobalSection
EndGlobal
