
Microsoft Visual Studio Solution File, Format Version 12.00
# Visual Studio Version 16
VisualStudioVersion = 16.0.28803.352
MinimumVisualStudioVersion = 10.0.40219.1
Project("{FAE04EC0-301F-11D3-BF4B-00C04F79EFBC}") = "HomeWork4", "HomeWork5\HomeWork4.csproj", "{FF114B00-7159-4422-9ADA-F4CA7549B035}"
EndProject
Global
	GlobalSection(SolutionConfigurationPlatforms) = preSolution
		Debug|Any CPU = Debug|Any CPU
		Release|Any CPU = Release|Any CPU
	EndGlobalSection
	GlobalSection(ProjectConfigurationPlatforms) = postSolution
		{FF114B00-7159-4422-9ADA-F4CA7549B035}.Debug|Any CPU.ActiveCfg = Debug|Any CPU
		{FF114B00-7159-4422-9ADA-F4CA7549B035}.Debug|Any CPU.Build.0 = Debug|Any CPU
		{FF114B00-7159-4422-9ADA-F4CA7549B035}.Release|Any CPU.ActiveCfg = Release|Any CPU
		{FF114B00-7159-4422-9ADA-F4CA7549B035}.Release|Any CPU.Build.0 = Release|Any CPU
	EndGlobalSection
	GlobalSection(SolutionProperties) = preSolution
		HideSolutionNode = FALSE
	EndGlobalSection
	GlobalSection(ExtensibilityGlobals) = postSolution
		SolutionGuid = {B4F802D2-5F5A-4A99-A0F3-76DBA0AB1D54}
	EndGlobalSection
EndGlobal
